
Microsoft Visual Studio Solution File, Format Version 12.00
# Visual Studio Version 17
VisualStudioVersion = 17.10.35122.118
MinimumVisualStudioVersion = 10.0.40219.1
Project("{FAE04EC0-301F-11D3-BF4B-00C04F79EFBC}") = "Pong", "Pong.csproj", "{F9F90914-5BF8-45AA-993A-B93B49975B45}"
EndProject
Global
	GlobalSection(SolutionConfigurationPlatforms) = preSolution
		Debug|Any CPU = Debug|Any CPU
		Release|Any CPU = Release|Any CPU
	EndGlobalSection
	GlobalSection(ProjectConfigurationPlatforms) = postSolution
		{F9F90914-5BF8-45AA-993A-B93B49975B45}.Debug|Any CPU.ActiveCfg = Debug|Any CPU
		{F9F90914-5BF8-45AA-993A-B93B49975B45}.Debug|Any CPU.Build.0 = Debug|Any CPU
		{F9F90914-5BF8-45AA-993A-B93B49975B45}.Release|Any CPU.ActiveCfg = Release|Any CPU
		{F9F90914-5BF8-45AA-993A-B93B49975B45}.Release|Any CPU.Build.0 = Release|Any CPU
	EndGlobalSection
	GlobalSection(SolutionProperties) = preSolution
		HideSolutionNode = FALSE
	EndGlobalSection
	GlobalSection(ExtensibilityGlobals) = postSolution
		SolutionGuid = {7C696A8B-CAF6-4A1C-A5FC-C6C373128DE9}
	EndGlobalSection
EndGlobal
